
Microsoft Visual Studio Solution File, Format Version 12.00
# Visual Studio Version 17
VisualStudioVersion = 17.6.33723.286
MinimumVisualStudioVersion = 10.0.40219.1
Project("{9A19103F-16F7-4668-BE54-9A1E7A4F7556}") = "FigureArea", "FigureArea\FigureArea.csproj", "{3EC4E000-A05F-4A93-A3DE-228266E9C93D}"
EndProject
Project("{9A19103F-16F7-4668-BE54-9A1E7A4F7556}") = "Tests", "Tests\Tests.csproj", "{EE600B08-6770-488E-9A71-198A8043F79E}"
EndProject
Global
	GlobalSection(SolutionConfigurationPlatforms) = preSolution
		Debug|Any CPU = Debug|Any CPU
		Release|Any CPU = Release|Any CPU
	EndGlobalSection
	GlobalSection(ProjectConfigurationPlatforms) = postSolution
		{3EC4E000-A05F-4A93-A3DE-228266E9C93D}.Debug|Any CPU.ActiveCfg = Debug|Any CPU
		{3EC4E000-A05F-4A93-A3DE-228266E9C93D}.Debug|Any CPU.Build.0 = Debug|Any CPU
		{3EC4E000-A05F-4A93-A3DE-228266E9C93D}.Release|Any CPU.ActiveCfg = Release|Any CPU
		{3EC4E000-A05F-4A93-A3DE-228266E9C93D}.Release|Any CPU.Build.0 = Release|Any CPU
		{EE600B08-6770-488E-9A71-198A8043F79E}.Debug|Any CPU.ActiveCfg = Debug|Any CPU
		{EE600B08-6770-488E-9A71-198A8043F79E}.Debug|Any CPU.Build.0 = Debug|Any CPU
		{EE600B08-6770-488E-9A71-198A8043F79E}.Release|Any CPU.ActiveCfg = Release|Any CPU
		{EE600B08-6770-488E-9A71-198A8043F79E}.Release|Any CPU.Build.0 = Release|Any CPU
	EndGlobalSection
	GlobalSection(SolutionProperties) = preSolution
		HideSolutionNode = FALSE
	EndGlobalSection
	GlobalSection(ExtensibilityGlobals) = postSolution
		SolutionGuid = {05A7B591-7158-4230-9049-26AAD8DDB478}
	EndGlobalSection
EndGlobal
